{
  "name": "rental-platform-server",
  "version": "0.0.10",
  "lockfileVersion": 3,
  "requires": true,
  "packages": {
    "": {
      "name": "rental-platform-server",
      "version": "0.0.10",
      "license": "MIT",
      "dependencies": {
        "@aws-sdk/core": "^3.0.0",
        "@aws-smithy/server-common": "^1.0.0-alpha.10",
        "@smithy/node-http-handler": "^4.2.0",
        "@smithy/protocol-http": "^5.3.0",
        "@smithy/smithy-client": "^4.7.0",
        "@smithy/types": "^4.2.0",
        "@smithy/util-base64": "^4.2.0",
        "@smithy/util-body-length-node": "^4.2.0",
        "@smithy/util-utf8": "^4.2.0",
        "tslib": "^2.6.2"
      },
      "devDependencies": {
        "@types/node": "^20.0.0",
        "typescript": "^5.0.0"
      }
    },
    "node_modules/@aws-sdk/core": {
      "version": "3.901.0",
      "resolved": "https://registry.npmjs.org/@aws-sdk/core/-/core-3.901.0.tgz",
      "integrity": "sha512-brKAc3y64tdhyuEf+OPIUln86bRTqkLgb9xkd6kUdIeA5+qmp/N6amItQz+RN4k4O3kqkCPYnAd3LonTKluobw==",
      "license": "Apache-2.0",
      "dependencies": {
        "@aws-sdk/types": "3.901.0",
        "@aws-sdk/xml-builder": "3.901.0",
        "@smithy/core": "^3.14.0",
        "@smithy/node-config-provider": "^4.3.0",
        "@smithy/property-provider": "^4.2.0",
        "@smithy/protocol-http": "^5.3.0",
        "@smithy/signature-v4": "^5.3.0",
        "@smithy/smithy-client": "^4.7.0",
        "@smithy/types": "^4.6.0",
        "@smithy/util-base64": "^4.2.0",
        "@smithy/util-middleware": "^4.2.0",
        "@smithy/util-utf8": "^4.2.0",
        "tslib": "^2.6.2"
      },
      "engines": {
        "node": ">=18.0.0"
      }
    },
    "node_modules/@aws-sdk/protocol-http": {
      "version": "3.370.0",
      "resolved": "https://registry.npmjs.org/@aws-sdk/protocol-http/-/protocol-http-3.370.0.tgz",
      "integrity": "sha512-MfZCgSsVmir+4kJps7xT0awOPNi+swBpcVp9ZtAP7POduUVV6zVLurMNLXsppKsErggssD5E9HUgQFs5w06U4Q==",
      "license": "Apache-2.0",
      "dependencies": {
        "@aws-sdk/types": "3.370.0",
        "tslib": "^2.5.0"
      },
      "engines": {
        "node": ">=14.0.0"
      }
    },
    "node_modules/@aws-sdk/protocol-http/node_modules/@aws-sdk/types": {
      "version": "3.370.0",
      "resolved": "https://registry.npmjs.org/@aws-sdk/types/-/types-3.370.0.tgz",
      "integrity": "sha512-8PGMKklSkRKjunFhzM2y5Jm0H2TBu7YRNISdYzXLUHKSP9zlMEYagseKVdmox0zKHf1LXVNuSlUV2b6SRrieCQ==",
      "license": "Apache-2.0",
      "dependencies": {
        "@smithy/types": "^1.1.0",
        "tslib": "^2.5.0"
      },
      "engines": {
        "node": ">=14.0.0"
      }
    },
    "node_modules/@aws-sdk/protocol-http/node_modules/@smithy/types": {
      "version": "1.2.0",
      "resolved": "https://registry.npmjs.org/@smithy/types/-/types-1.2.0.tgz",
      "integrity": "sha512-z1r00TvBqF3dh4aHhya7nz1HhvCg4TRmw51fjMrh5do3h+ngSstt/yKlNbHeb9QxJmFbmN8KEVSWgb1bRvfEoA==",
      "license": "Apache-2.0",
      "dependencies": {
        "tslib": "^2.5.0"
      },
      "engines": {
        "node": ">=14.0.0"
      }
    },
    "node_modules/@aws-sdk/types": {
      "version": "3.901.0",
      "resolved": "https://registry.npmjs.org/@aws-sdk/types/-/types-3.901.0.tgz",
      "integrity": "sha512-FfEM25hLEs4LoXsLXQ/q6X6L4JmKkKkbVFpKD4mwfVHtRVQG6QxJiCPcrkcPISquiy6esbwK2eh64TWbiD60cg==",
      "license": "Apache-2.0",
      "dependencies": {
        "@smithy/types": "^4.6.0",
        "tslib": "^2.6.2"
      },
      "engines": {
        "node": ">=18.0.0"
      }
    },
    "node_modules/@aws-sdk/xml-builder": {
      "version": "3.901.0",
      "resolved": "https://registry.npmjs.org/@aws-sdk/xml-builder/-/xml-builder-3.901.0.tgz",
      "integrity": "sha512-pxFCkuAP7Q94wMTNPAwi6hEtNrp/BdFf+HOrIEeFQsk4EoOmpKY3I6S+u6A9Wg295J80Kh74LqDWM22ux3z6Aw==",
      "license": "Apache-2.0",
      "dependencies": {
        "@smithy/types": "^4.6.0",
        "fast-xml-parser": "5.2.5",
        "tslib": "^2.6.2"
      },
      "engines": {
        "node": ">=18.0.0"
      }
    },
    "node_modules/@aws-smithy/server-common": {
      "version": "1.0.0-alpha.10",
      "resolved": "https://registry.npmjs.org/@aws-smithy/server-common/-/server-common-1.0.0-alpha.10.tgz",
      "integrity": "sha512-xjLhkWbApJKo3U3o6iZJk1SywyDcZJI9aSLrxxZiqxcDPX72t023hmtqNHheEw7Ef4+SZ+ZADybFxCoIq3I2Hw==",
      "license": "Apache-2.0",
      "dependencies": {
        "@aws-sdk/protocol-http": "^3.267.0",
        "@aws-sdk/types": "^3.267.0",
        "re2-wasm": "^1.0.2",
        "tslib": "^1.8.0"
      },
      "engines": {
        "node": ">= 14.0.0"
      }
    },
    "node_modules/@aws-smithy/server-common/node_modules/tslib": {
      "version": "1.14.1",
      "resolved": "https://registry.npmjs.org/tslib/-/tslib-1.14.1.tgz",
      "integrity": "sha512-Xni35NKzjgMrwevysHTCArtLDpPvye8zV/0E4EyYn43P7/7qvQwPh9BGkHewbMulVntbigmcT7rdX3BNo9wRJg==",
      "license": "0BSD"
    },
    "node_modules/@smithy/abort-controller": {
      "version": "4.2.0",
      "resolved": "https://registry.npmjs.org/@smithy/abort-controller/-/abort-controller-4.2.0.tgz",
      "integrity": "sha512-PLUYa+SUKOEZtXFURBu/CNxlsxfaFGxSBPcStL13KpVeVWIfdezWyDqkz7iDLmwnxojXD0s5KzuB5HGHvt4Aeg==",
      "license": "Apache-2.0",
      "dependencies": {
        "@smithy/types": "^4.6.0",
        "tslib": "^2.6.2"
      },
      "engines": {
        "node": ">=18.0.0"
      }
    },
    "node_modules/@smithy/core": {
      "version": "3.14.0",
      "resolved": "https://registry.npmjs.org/@smithy/core/-/core-3.14.0.tgz",
      "integrity": "sha512-XJ4z5FxvY/t0Dibms/+gLJrI5niRoY0BCmE02fwmPcRYFPI4KI876xaE79YGWIKnEslMbuQPsIEsoU/DXa0DoA==",
      "license": "Apache-2.0",
      "dependencies": {
        "@smithy/middleware-serde": "^4.2.0",
        "@smithy/protocol-http": "^5.3.0",
        "@smithy/types": "^4.6.0",
        "@smithy/util-base64": "^4.2.0",
        "@smithy/util-body-length-browser": "^4.2.0",
        "@smithy/util-middleware": "^4.2.0",
        "@smithy/util-stream": "^4.4.0",
        "@smithy/util-utf8": "^4.2.0",
        "@smithy/uuid": "^1.1.0",
        "tslib": "^2.6.2"
      },
      "engines": {
        "node": ">=18.0.0"
      }
    },
    "node_modules/@smithy/fetch-http-handler": {
      "version": "5.3.0",
      "resolved": "https://registry.npmjs.org/@smithy/fetch-http-handler/-/fetch-http-handler-5.3.0.tgz",
      "integrity": "sha512-BG3KSmsx9A//KyIfw+sqNmWFr1YBUr+TwpxFT7yPqAk0yyDh7oSNgzfNH7pS6OC099EGx2ltOULvumCFe8bcgw==",
      "license": "Apache-2.0",
      "dependencies": {
        "@smithy/protocol-http": "^5.3.0",
        "@smithy/querystring-builder": "^4.2.0",
        "@smithy/types": "^4.6.0",
        "@smithy/util-base64": "^4.2.0",
        "tslib": "^2.6.2"
      },
      "engines": {
        "node": ">=18.0.0"
      }
    },
    "node_modules/@smithy/is-array-buffer": {
      "version": "4.2.0",
      "resolved": "https://registry.npmjs.org/@smithy/is-array-buffer/-/is-array-buffer-4.2.0.tgz",
      "integrity": "sha512-DZZZBvC7sjcYh4MazJSGiWMI2L7E0oCiRHREDzIxi/M2LY79/21iXt6aPLHge82wi5LsuRF5A06Ds3+0mlh6CQ==",
      "license": "Apache-2.0",
      "dependencies": {
        "tslib": "^2.6.2"
      },
      "engines": {
        "node": ">=18.0.0"
      }
    },
    "node_modules/@smithy/middleware-endpoint": {
      "version": "4.3.0",
      "resolved": "https://registry.npmjs.org/@smithy/middleware-endpoint/-/middleware-endpoint-4.3.0.tgz",
      "integrity": "sha512-jFVjuQeV8TkxaRlcCNg0GFVgg98tscsmIrIwRFeC74TIUyLE3jmY9xgc1WXrPQYRjQNK3aRoaIk6fhFRGOIoGw==",
      "license": "Apache-2.0",
      "dependencies": {
        "@smithy/core": "^3.14.0",
        "@smithy/middleware-serde": "^4.2.0",
        "@smithy/node-config-provider": "^4.3.0",
        "@smithy/shared-ini-file-loader": "^4.3.0",
        "@smithy/types": "^4.6.0",
        "@smithy/url-parser": "^4.2.0",
        "@smithy/util-middleware": "^4.2.0",
        "tslib": "^2.6.2"
      },
      "engines": {
        "node": ">=18.0.0"
      }
    },
    "node_modules/@smithy/middleware-serde": {
      "version": "4.2.0",
      "resolved": "https://registry.npmjs.org/@smithy/middleware-serde/-/middleware-serde-4.2.0.tgz",
      "integrity": "sha512-rpTQ7D65/EAbC6VydXlxjvbifTf4IH+sADKg6JmAvhkflJO2NvDeyU9qsWUNBelJiQFcXKejUHWRSdmpJmEmiw==",
      "license": "Apache-2.0",
      "dependencies": {
        "@smithy/protocol-http": "^5.3.0",
        "@smithy/types": "^4.6.0",
        "tslib": "^2.6.2"
      },
      "engines": {
        "node": ">=18.0.0"
      }
    },
    "node_modules/@smithy/middleware-stack": {
      "version": "4.2.0",
      "resolved": "https://registry.npmjs.org/@smithy/middleware-stack/-/middleware-stack-4.2.0.tgz",
      "integrity": "sha512-G5CJ//eqRd9OARrQu9MK1H8fNm2sMtqFh6j8/rPozhEL+Dokpvi1Og+aCixTuwDAGZUkJPk6hJT5jchbk/WCyg==",
      "license": "Apache-2.0",
      "dependencies": {
        "@smithy/types": "^4.6.0",
        "tslib": "^2.6.2"
      },
      "engines": {
        "node": ">=18.0.0"
      }
    },
    "node_modules/@smithy/node-config-provider": {
      "version": "4.3.0",
      "resolved": "https://registry.npmjs.org/@smithy/node-config-provider/-/node-config-provider-4.3.0.tgz",
      "integrity": "sha512-5QgHNuWdT9j9GwMPPJCKxy2KDxZ3E5l4M3/5TatSZrqYVoEiqQrDfAq8I6KWZw7RZOHtVtCzEPdYz7rHZixwcA==",
      "license": "Apache-2.0",
      "dependencies": {
        "@smithy/property-provider": "^4.2.0",
        "@smithy/shared-ini-file-loader": "^4.3.0",
        "@smithy/types": "^4.6.0",
        "tslib": "^2.6.2"
      },
      "engines": {
        "node": ">=18.0.0"
      }
    },
    "node_modules/@smithy/node-http-handler": {
      "version": "4.3.0",
      "resolved": "https://registry.npmjs.org/@smithy/node-http-handler/-/node-http-handler-4.3.0.tgz",
      "integrity": "sha512-RHZ/uWCmSNZ8cneoWEVsVwMZBKy/8123hEpm57vgGXA3Irf/Ja4v9TVshHK2ML5/IqzAZn0WhINHOP9xl+Qy6Q==",
      "license": "Apache-2.0",
      "dependencies": {
        "@smithy/abort-controller": "^4.2.0",
        "@smithy/protocol-http": "^5.3.0",
        "@smithy/querystring-builder": "^4.2.0",
        "@smithy/types": "^4.6.0",
        "tslib": "^2.6.2"
      },
      "engines": {
        "node": ">=18.0.0"
      }
    },
    "node_modules/@smithy/property-provider": {
      "version": "4.2.0",
      "resolved": "https://registry.npmjs.org/@smithy/property-provider/-/property-provider-4.2.0.tgz",
      "integrity": "sha512-rV6wFre0BU6n/tx2Ztn5LdvEdNZ2FasQbPQmDOPfV9QQyDmsCkOAB0osQjotRCQg+nSKFmINhyda0D3AnjSBJw==",
      "license": "Apache-2.0",
      "dependencies": {
        "@smithy/types": "^4.6.0",
        "tslib": "^2.6.2"
      },
      "engines": {
        "node": ">=18.0.0"
      }
    },
    "node_modules/@smithy/protocol-http": {
      "version": "5.3.0",
      "resolved": "https://registry.npmjs.org/@smithy/protocol-http/-/protocol-http-5.3.0.tgz",
      "integrity": "sha512-6POSYlmDnsLKb7r1D3SVm7RaYW6H1vcNcTWGWrF7s9+2noNYvUsm7E4tz5ZQ9HXPmKn6Hb67pBDRIjrT4w/d7Q==",
      "license": "Apache-2.0",
      "dependencies": {
        "@smithy/types": "^4.6.0",
        "tslib": "^2.6.2"
      },
      "engines": {
        "node": ">=18.0.0"
      }
    },
    "node_modules/@smithy/querystring-builder": {
      "version": "4.2.0",
      "resolved": "https://registry.npmjs.org/@smithy/querystring-builder/-/querystring-builder-4.2.0.tgz",
      "integrity": "sha512-Q4oFD0ZmI8yJkiPPeGUITZj++4HHYCW3pYBYfIobUCkYpI6mbkzmG1MAQQ3lJYYWj3iNqfzOenUZu+jqdPQ16A==",
      "license": "Apache-2.0",
      "dependencies": {
        "@smithy/types": "^4.6.0",
        "@smithy/util-uri-escape": "^4.2.0",
        "tslib": "^2.6.2"
      },
      "engines": {
        "node": ">=18.0.0"
      }
    },
    "node_modules/@smithy/querystring-parser": {
      "version": "4.2.0",
      "resolved": "https://registry.npmjs.org/@smithy/querystring-parser/-/querystring-parser-4.2.0.tgz",
      "integrity": "sha512-BjATSNNyvVbQxOOlKse0b0pSezTWGMvA87SvoFoFlkRsKXVsN3bEtjCxvsNXJXfnAzlWFPaT9DmhWy1vn0sNEA==",
      "license": "Apache-2.0",
      "dependencies": {
        "@smithy/types": "^4.6.0",
        "tslib": "^2.6.2"
      },
      "engines": {
        "node": ">=18.0.0"
      }
    },
    "node_modules/@smithy/shared-ini-file-loader": {
      "version": "4.3.0",
      "resolved": "https://registry.npmjs.org/@smithy/shared-ini-file-loader/-/shared-ini-file-loader-4.3.0.tgz",
      "integrity": "sha512-VCUPPtNs+rKWlqqntX0CbVvWyjhmX30JCtzO+s5dlzzxrvSfRh5SY0yxnkirvc1c80vdKQttahL71a9EsdolSQ==",
      "license": "Apache-2.0",
      "dependencies": {
        "@smithy/types": "^4.6.0",
        "tslib": "^2.6.2"
      },
      "engines": {
        "node": ">=18.0.0"
      }
    },
    "node_modules/@smithy/signature-v4": {
      "version": "5.3.0",
      "resolved": "https://registry.npmjs.org/@smithy/signature-v4/-/signature-v4-5.3.0.tgz",
      "integrity": "sha512-MKNyhXEs99xAZaFhm88h+3/V+tCRDQ+PrDzRqL0xdDpq4gjxcMmf5rBA3YXgqZqMZ/XwemZEurCBQMfxZOWq/g==",
      "license": "Apache-2.0",
      "dependencies": {
        "@smithy/is-array-buffer": "^4.2.0",
        "@smithy/protocol-http": "^5.3.0",
        "@smithy/types": "^4.6.0",
        "@smithy/util-hex-encoding": "^4.2.0",
        "@smithy/util-middleware": "^4.2.0",
        "@smithy/util-uri-escape": "^4.2.0",
        "@smithy/util-utf8": "^4.2.0",
        "tslib": "^2.6.2"
      },
      "engines": {
        "node": ">=18.0.0"
      }
    },
    "node_modules/@smithy/smithy-client": {
      "version": "4.7.0",
      "resolved": "https://registry.npmjs.org/@smithy/smithy-client/-/smithy-client-4.7.0.tgz",
      "integrity": "sha512-3BDx/aCCPf+kkinYf5QQhdQ9UAGihgOVqI3QO5xQfSaIWvUE4KYLtiGRWsNe1SR7ijXC0QEPqofVp5Sb0zC8xQ==",
      "license": "Apache-2.0",
      "dependencies": {
        "@smithy/core": "^3.14.0",
        "@smithy/middleware-endpoint": "^4.3.0",
        "@smithy/middleware-stack": "^4.2.0",
        "@smithy/protocol-http": "^5.3.0",
        "@smithy/types": "^4.6.0",
        "@smithy/util-stream": "^4.4.0",
        "tslib": "^2.6.2"
      },
      "engines": {
        "node": ">=18.0.0"
      }
    },
    "node_modules/@smithy/types": {
      "version": "4.6.0",
      "resolved": "https://registry.npmjs.org/@smithy/types/-/types-4.6.0.tgz",
      "integrity": "sha512-4lI9C8NzRPOv66FaY1LL1O/0v0aLVrq/mXP/keUa9mJOApEeae43LsLd2kZRUJw91gxOQfLIrV3OvqPgWz1YsA==",
      "license": "Apache-2.0",
      "dependencies": {
        "tslib": "^2.6.2"
      },
      "engines": {
        "node": ">=18.0.0"
      }
    },
    "node_modules/@smithy/url-parser": {
      "version": "4.2.0",
      "resolved": "https://registry.npmjs.org/@smithy/url-parser/-/url-parser-4.2.0.tgz",
      "integrity": "sha512-AlBmD6Idav2ugmoAL6UtR6ItS7jU5h5RNqLMZC7QrLCoITA9NzIN3nx9GWi8g4z1pfWh2r9r96SX/jHiNwPJ9A==",
      "license": "Apache-2.0",
      "dependencies": {
        "@smithy/querystring-parser": "^4.2.0",
        "@smithy/types": "^4.6.0",
        "tslib": "^2.6.2"
      },
      "engines": {
        "node": ">=18.0.0"
      }
    },
    "node_modules/@smithy/util-base64": {
      "version": "4.2.0",
      "resolved": "https://registry.npmjs.org/@smithy/util-base64/-/util-base64-4.2.0.tgz",
      "integrity": "sha512-+erInz8WDv5KPe7xCsJCp+1WCjSbah9gWcmUXc9NqmhyPx59tf7jqFz+za1tRG1Y5KM1Cy1rWCcGypylFp4mvA==",
      "license": "Apache-2.0",
      "dependencies": {
        "@smithy/util-buffer-from": "^4.2.0",
        "@smithy/util-utf8": "^4.2.0",
        "tslib": "^2.6.2"
      },
      "engines": {
        "node": ">=18.0.0"
      }
    },
    "node_modules/@smithy/util-body-length-browser": {
      "version": "4.2.0",
      "resolved": "https://registry.npmjs.org/@smithy/util-body-length-browser/-/util-body-length-browser-4.2.0.tgz",
      "integrity": "sha512-Fkoh/I76szMKJnBXWPdFkQJl2r9SjPt3cMzLdOB6eJ4Pnpas8hVoWPYemX/peO0yrrvldgCUVJqOAjUrOLjbxg==",
      "license": "Apache-2.0",
      "dependencies": {
        "tslib": "^2.6.2"
      },
      "engines": {
        "node": ">=18.0.0"
      }
    },
    "node_modules/@smithy/util-body-length-node": {
      "version": "4.2.0",
      "resolved": "https://registry.npmjs.org/@smithy/util-body-length-node/-/util-body-length-node-4.2.0.tgz",
      "integrity": "sha512-U8q1WsSZFjXijlD7a4wsDQOvOwV+72iHSfq1q7VD+V75xP/pdtm0WIGuaFJ3gcADDOKj2MIBn4+zisi140HEnQ==",
      "license": "Apache-2.0",
      "dependencies": {
        "tslib": "^2.6.2"
      },
      "engines": {
        "node": ">=18.0.0"
      }
    },
    "node_modules/@smithy/util-buffer-from": {
      "version": "4.2.0",
      "resolved": "https://registry.npmjs.org/@smithy/util-buffer-from/-/util-buffer-from-4.2.0.tgz",
      "integrity": "sha512-kAY9hTKulTNevM2nlRtxAG2FQ3B2OR6QIrPY3zE5LqJy1oxzmgBGsHLWTcNhWXKchgA0WHW+mZkQrng/pgcCew==",
      "license": "Apache-2.0",
      "dependencies": {
        "@smithy/is-array-buffer": "^4.2.0",
        "tslib": "^2.6.2"
      },
      "engines": {
        "node": ">=18.0.0"
      }
    },
    "node_modules/@smithy/util-hex-encoding": {
      "version": "4.2.0",
      "resolved": "https://registry.npmjs.org/@smithy/util-hex-encoding/-/util-hex-encoding-4.2.0.tgz",
      "integrity": "sha512-CCQBwJIvXMLKxVbO88IukazJD9a4kQ9ZN7/UMGBjBcJYvatpWk+9g870El4cB8/EJxfe+k+y0GmR9CAzkF+Nbw==",
      "license": "Apache-2.0",
      "dependencies": {
        "tslib": "^2.6.2"
      },
      "engines": {
        "node": ">=18.0.0"
      }
    },
    "node_modules/@smithy/util-middleware": {
      "version": "4.2.0",
      "resolved": "https://registry.npmjs.org/@smithy/util-middleware/-/util-middleware-4.2.0.tgz",
      "integrity": "sha512-u9OOfDa43MjagtJZ8AapJcmimP+K2Z7szXn8xbty4aza+7P1wjFmy2ewjSbhEiYQoW1unTlOAIV165weYAaowA==",
      "license": "Apache-2.0",
      "dependencies": {
        "@smithy/types": "^4.6.0",
        "tslib": "^2.6.2"
      },
      "engines": {
        "node": ">=18.0.0"
      }
    },
    "node_modules/@smithy/util-stream": {
      "version": "4.4.0",
      "resolved": "https://registry.npmjs.org/@smithy/util-stream/-/util-stream-4.4.0.tgz",
      "integrity": "sha512-vtO7ktbixEcrVzMRmpQDnw/Ehr9UWjBvSJ9fyAbadKkC4w5Cm/4lMO8cHz8Ysb8uflvQUNRcuux/oNHKPXkffg==",
      "license": "Apache-2.0",
      "dependencies": {
        "@smithy/fetch-http-handler": "^5.3.0",
        "@smithy/node-http-handler": "^4.3.0",
        "@smithy/types": "^4.6.0",
        "@smithy/util-base64": "^4.2.0",
        "@smithy/util-buffer-from": "^4.2.0",
        "@smithy/util-hex-encoding": "^4.2.0",
        "@smithy/util-utf8": "^4.2.0",
        "tslib": "^2.6.2"
      },
      "engines": {
        "node": ">=18.0.0"
      }
    },
    "node_modules/@smithy/util-uri-escape": {
      "version": "4.2.0",
      "resolved": "https://registry.npmjs.org/@smithy/util-uri-escape/-/util-uri-escape-4.2.0.tgz",
      "integrity": "sha512-igZpCKV9+E/Mzrpq6YacdTQ0qTiLm85gD6N/IrmyDvQFA4UnU3d5g3m8tMT/6zG/vVkWSU+VxeUyGonL62DuxA==",
      "license": "Apache-2.0",
      "dependencies": {
        "tslib": "^2.6.2"
      },
      "engines": {
        "node": ">=18.0.0"
      }
    },
    "node_modules/@smithy/util-utf8": {
      "version": "4.2.0",
      "resolved": "https://registry.npmjs.org/@smithy/util-utf8/-/util-utf8-4.2.0.tgz",
      "integrity": "sha512-zBPfuzoI8xyBtR2P6WQj63Rz8i3AmfAaJLuNG8dWsfvPe8lO4aCPYLn879mEgHndZH1zQ2oXmG8O1GGzzaoZiw==",
      "license": "Apache-2.0",
      "dependencies": {
        "@smithy/util-buffer-from": "^4.2.0",
        "tslib": "^2.6.2"
      },
      "engines": {
        "node": ">=18.0.0"
      }
    },
    "node_modules/@smithy/uuid": {
      "version": "1.1.0",
      "resolved": "https://registry.npmjs.org/@smithy/uuid/-/uuid-1.1.0.tgz",
      "integrity": "sha512-4aUIteuyxtBUhVdiQqcDhKFitwfd9hqoSDYY2KRXiWtgoWJ9Bmise+KfEPDiVHWeJepvF8xJO9/9+WDIciMFFw==",
      "license": "Apache-2.0",
      "dependencies": {
        "tslib": "^2.6.2"
      },
      "engines": {
        "node": ">=18.0.0"
      }
    },
    "node_modules/@types/node": {
      "version": "20.19.19",
      "resolved": "https://registry.npmjs.org/@types/node/-/node-20.19.19.tgz",
      "integrity": "sha512-pb1Uqj5WJP7wrcbLU7Ru4QtA0+3kAXrkutGiD26wUKzSMgNNaPARTUDQmElUXp64kh3cWdou3Q0C7qwwxqSFmg==",
      "dev": true,
      "license": "MIT",
      "dependencies": {
        "undici-types": "~6.21.0"
      }
    },
    "node_modules/fast-xml-parser": {
      "version": "5.2.5",
      "resolved": "https://registry.npmjs.org/fast-xml-parser/-/fast-xml-parser-5.2.5.tgz",
      "integrity": "sha512-pfX9uG9Ki0yekDHx2SiuRIyFdyAr1kMIMitPvb0YBo8SUfKvia7w7FIyd/l6av85pFYRhZscS75MwMnbvY+hcQ==",
      "funding": [
        {
          "type": "github",
          "url": "https://github.com/sponsors/NaturalIntelligence"
        }
      ],
      "license": "MIT",
      "dependencies": {
        "strnum": "^2.1.0"
      },
      "bin": {
        "fxparser": "src/cli/cli.js"
      }
    },
    "node_modules/re2-wasm": {
      "version": "1.0.2",
      "resolved": "https://registry.npmjs.org/re2-wasm/-/re2-wasm-1.0.2.tgz",
      "integrity": "sha512-VXUdgSiUrE/WZXn6gUIVVIsg0+Hp6VPZPOaHCay+OuFKy6u/8ktmeNEf+U5qSA8jzGGFsg8jrDNu1BeHpz2pJA==",
      "license": "Apache-2.0",
      "engines": {
        "node": ">=10"
      }
    },
    "node_modules/strnum": {
      "version": "2.1.1",
      "resolved": "https://registry.npmjs.org/strnum/-/strnum-2.1.1.tgz",
      "integrity": "sha512-7ZvoFTiCnGxBtDqJ//Cu6fWtZtc7Y3x+QOirG15wztbdngGSkht27o2pyGWrVy0b4WAy3jbKmnoK6g5VlVNUUw==",
      "funding": [
        {
          "type": "github",
          "url": "https://github.com/sponsors/NaturalIntelligence"
        }
      ],
      "license": "MIT"
    },
    "node_modules/tslib": {
      "version": "2.8.1",
      "resolved": "https://registry.npmjs.org/tslib/-/tslib-2.8.1.tgz",
      "integrity": "sha512-oJFu94HQb+KVduSUQL7wnpmqnfmLsOA/nAh6b6EH0wCEoK0/mPeXU6c3wKDV83MkOuHPRHtSXKKU99IBazS/2w==",
      "license": "0BSD"
    },
    "node_modules/typescript": {
      "version": "5.9.3",
      "resolved": "https://registry.npmjs.org/typescript/-/typescript-5.9.3.tgz",
      "integrity": "sha512-jl1vZzPDinLr9eUt3J/t7V6FgNEw9QjvBPdysz9KfQDD41fQrC2Y4vKQdiaUpFT4bXlb1RHhLpp8wtm6M5TgSw==",
      "dev": true,
      "license": "Apache-2.0",
      "bin": {
        "tsc": "bin/tsc",
        "tsserver": "bin/tsserver"
      },
      "engines": {
        "node": ">=14.17"
      }
    },
    "node_modules/undici-types": {
      "version": "6.21.0",
      "resolved": "https://registry.npmjs.org/undici-types/-/undici-types-6.21.0.tgz",
      "integrity": "sha512-iwDZqg0QAGrg9Rav5H4n0M64c3mkR59cJ6wQp+7C4nI0gsmExaedaYLNO44eT4AtBBwjbTiGPMlt2Md0T9H9JQ==",
      "dev": true,
      "license": "MIT"
    }
  }
}
